Microsoft Visual Studio Solution File, Format Version 12.00
# Visual Studio Version 17
VisualStudioVersion = 17.5.2.0
MinimumVisualStudioVersion = 10.0.40219.1
Project("{FAE04EC0-301F-11D3-BF4B-00C04F79EFBC}") = "crawler_holidays", "crawler_holidays.csproj", "{C89A3BA8-380E-6F4B-A677-3820A3470005}"
EndProject
Global
	GlobalSection(SolutionConfigurationPlatforms) = preSolution
		Debug|Any CPU = Debug|Any CPU
		Release|Any CPU = Release|Any CPU
	EndGlobalSection
	GlobalSection(ProjectConfigurationPlatforms) = postSolution
		{C89A3BA8-380E-6F4B-A677-3820A3470005}.Debug|Any CPU.ActiveCfg = Debug|Any CPU
		{C89A3BA8-380E-6F4B-A677-3820A3470005}.Debug|Any CPU.Build.0 = Debug|Any CPU
		{C89A3BA8-380E-6F4B-A677-3820A3470005}.Release|Any CPU.ActiveCfg = Release|Any CPU
		{C89A3BA8-380E-6F4B-A677-3820A3470005}.Release|Any CPU.Build.0 = Release|Any CPU
	EndGlobalSection
	GlobalSection(SolutionProperties) = preSolution
		HideSolutionNode = FALSE
	EndGlobalSection
	GlobalSection(ExtensibilityGlobals) = postSolution
		SolutionGuid = {13048247-8E62-450A-B8BE-1EB5FE917C8B}
	EndGlobalSection
EndGlobal
